// !$*UTF8*$!
{
	archiveVersion = 1;
	classes = {
	};
	objectVersion = 46;
	objects = {

/* Begin PBXBuildFile section */
		EAF34C3A1F3A1E2C0081183A /* README.md in Sources */ = {isa = PBXBuildFile; fileRef = EAF34C391F3A1E2C0081183A /* README.md */; };
		EAF77F491F3A010D00BB6973 /* AppDelegate.swift in Sources */ = {isa = PBXBuildFile; fileRef = EAF77F481F3A010D00BB6973 /* AppDelegate.swift */; };
		EAF77F4B1F3A010D00BB6973 /* ViewController.swift in Sources */ = {isa = PBXBuildFile; fileRef = EAF77F4A1F3A010D00BB6973 /* ViewController.swift */; };
		EAF77F4E1F3A010D00BB6973 /* Main.storyboard in Resources */ = {isa = PBXBuildFile; fileRef = EAF77F4C1F3A010D00BB6973 /* Main.storyboard */; };
		EAF77F501F3A010D00BB6973 /* Assets.xcassets in Resources */ = {isa = PBXBuildFile; fileRef = EAF77F4F1F3A010D00BB6973 /* Assets.xcassets */; };
		EAF77F531F3A010D00BB6973 /* LaunchScreen.storyboard in Resources */ = {isa = PBXBuildFile; fileRef = EAF77F511F3A010D00BB6973 /* LaunchScreen.storyboard */; };
/* End PBXBuildFile section */

/* Begin PBXFileReference section */
		EAF34C391F3A1E2C0081183A /* README.md */ = {isa = PBXFileReference; fileEncoding = 4; lastKnownFileType = net.daringfireball.markdown; name = README.md; path = TakePhoto/README.md; sourceTree = "<group>"; };
		EAF77F451F3A010D00BB6973 /* TakePhoto.app */ = {isa = PBXFileReference; explicitFileType = wrapper.application; includeInIndex = 0; path = TakePhoto.app; sourceTree = BUILT_PRODUCTS_DIR; };
		EAF77F481F3A010D00BB6973 /* AppDelegate.swift */ = {isa = PBXFileReference; lastKnownFileType = sourcecode.swift; path = AppDelegate.swift; sourceTree = "<group>"; };
		EAF77F4A1F3A010D00BB6973 /* ViewController.swift */ = {isa = PBXFileReference; lastKnownFileType = sourcecode.swift; path = ViewController.swift; sourceTree = "<group>"; };
		EAF77F4D1F3A010D00BB6973 /* Base */ = {isa = PBXFileReference; lastKnownFileType = file.storyboard; name = Base; path = Base.lproj/Main.storyboard; sourceTree = "<group>"; };
		EAF77F4F1F3A010D00BB6973 /* Assets.xcassets */ = {isa = PBXFileReference; lastKnownFileType = folder.assetcatalog; path = Assets.xcassets; sourceTree = "<group>"; };
		EAF77F521F3A010D00BB6973 /* Base */ = {isa = PBXFileReference; lastKnownFileType = file.storyboard; name = Base; path = Base.lproj/LaunchScreen.storyboard; sourceTree = "<group>"; };
		EAF77F541F3A010D00BB6973 /* Info.plist */ = {isa = PBXFileReference; lastKnownFileType = text.plist.xml; path = Info.plist; sourceTree = "<group>"; };
/* End PBXFileReference section */

/* Begin PBXFrameworksBuildPhase section */
		EAF77F421F3A010D00BB6973 /* Frameworks */ = {
			isa = PBXFrameworksBuildPhase;
			buildActionMask = 2147483647;
			files = (
			);
			runOnlyForDeploymentPostprocessing = 0;
		};
/* End PBXFrameworksBuildPhase section */

/* Begin PBXGroup section */
		EAF77F3C1F3A010D00BB6973 = {
			isa = PBXGroup;
			children = (
				EAF34C391F3A1E2C0081183A /* README.md */,
				EAF77F471F3A010D00BB6973 /* TakePhoto */,
				EAF77F461F3A010D00BB6973 /* Products */,
			);
			sourceTree = "<group>";
		};
		EAF77F461F3A010D00BB6973 /* Products */ = {
			isa = PBXGroup;
			children = (
				EAF77F451F3A010D00BB6973 /* TakePhoto.app */,
			);
			name = Products;
			sourceTree = "<group>";
		};
		EAF77F471F3A010D00BB6973 /* TakePhoto */ = {
			isa = PBXGroup;
			children = (
				EAF77F481F3A010D00BB6973 /* AppDelegate.swift */,
				EAF77F4A1F3A010D00BB6973 /* ViewController.swift */,
				EAF77F4C1F3A010D00BB6973 /* Main.storyboard */,
				EAF77F4F1F3A010D00BB6973 /* Assets.xcassets */,
				EAF77F511F3A010D00BB6973 /* LaunchScreen.storyboard */,
				EAF77F541F3A010D00BB6973 /* Info.plist */,
			);
			path = TakePhoto;
			sourceTree = "<group>";
		};
/* End PBXGroup section */

/* Begin PBXNativeTarget section */
		EAF77F441F3A010D00BB6973 /* TakePhoto */ = {
			isa = PBXNativeTarget;
			buildConfigurationList = EAF77F571F3A010D00BB6973 /* Build configuration list for PBXNativeTarget "TakePhoto" */;
			buildPhases = (
				EAF77F411F3A010D00BB6973 /* Sources */,
				EAF77F421F3A010D00BB6973 /* Frameworks */,
				EAF77F431F3A010D00BB6973 /* Resources */,
			);
			buildRules = (
			);
			dependencies = (
			);
			name = TakePhoto;
			productName = TakePhoto;
			productReference = EAF77F451F3A010D00BB6973 /* TakePhoto.app */;
			productType = "com.apple.product-type.application";
		};
/* End PBXNativeTarget section */

/* Begin PBXProject section */
		EAF77F3D1F3A010D00BB6973 /* Project object */ = {
			isa = PBXProject;
			attributes = {
				LastSwiftUpdateCheck = 0830;
				LastUpgradeCheck = 0830;
				ORGANIZATIONNAME = "Philip Broder";
				TargetAttributes = {
					EAF77F441F3A010D00BB6973 = {
						CreatedOnToolsVersion = 8.3.3;
						DevelopmentTeam = FY5DPSM884;
						ProvisioningStyle = Automatic;
					};
				};
			};
			buildConfigurationList = EAF77F401F3A010D00BB6973 /* Build configuration list for PBXProject "TakePhoto" */;
			compatibilityVersion = "Xcode 3.2";
			developmentRegion = English;
			hasScannedForEncodings = 0;
			knownRegions = (
				en,
				Base,
			);
			mainGroup = EAF77F3C1F3A010D00BB6973;
			productRefGroup = EAF77F461F3A010D00BB6973 /* Products */;
			projectDirPath = "";
			projectRoot = "";
			targets = (
				EAF77F441F3A010D00BB6973 /* TakePhoto */,
			);
		};
/* End PBXProject section */

/* Begin PBXResourcesBuildPhase section */
		EAF77F431F3A010D00BB6973 /* Resources */ = {
			isa = PBXResourcesBuildPhase;
			buildActionMask = 2147483647;
			files = (
				EAF77F531F3A010D00BB6973 /* LaunchScreen.storyboard in Resources */,
				EAF77F501F3A010D00BB6973 /* Assets.xcassets in Resources */,
				EAF77F4E1F3A010D00BB6973 /* Main.storyboard in Resources */,
			);
			runOnlyForDeploymentPostprocessing = 0;
		};
/* End PBXResourcesBuildPhase section */

/* Begin PBXSourcesBuildPhase section */
		EAF77F411F3A010D00BB6973 /* Sources */ = {
			isa = PBXSourcesBuildPhase;
			buildActionMask = 2147483647;
			files = (
				EAF34C3A1F3A1E2C0081183A /* README.md in Sources */,
				EAF77F4B1F3A010D00BB6973 /* ViewController.swift in Sources */,
				EAF77F491F3A010D00BB6973 /* AppDelegate.swift in Sources */,
			);
			runOnlyForDeploymentPostprocessing = 0;
		};
/* End PBXSourcesBuildPhase section */

/* Begin PBXVariantGroup section */
		EAF77F4C1F3A010D00BB6973 /* Main.storyboard */ = {
			isa = PBXVariantGroup;
			children = (
				EAF77F4D1F3A010D00BB6973 /* Base */,
			);
			name = Main.storyboard;
			sourceTree = "<group>";
		};
		EAF77F511F3A010D00BB6973 /* LaunchScreen.storyboard */ = {
			isa = PBXVariantGroup;
			children = (
				EAF77F521F3A010D00BB6973 /* Base */,
			);
			name = LaunchScreen.storyboard;
			sourceTree = "<group>";
		};
/* End PBXVariantGroup section */

/* Begin XCBuildConfiguration section */
		EAF77F551F3A010D00BB6973 /* Debug */ = {
			isa = XCBuildConfiguration;
			buildSettings = {
				ALWAYS_SEARCH_USER_PATHS = NO;
				CLANG_ANALYZER_NONNULL = YES;
				CLANG_ANALYZER_NUMBER_OBJECT_CONVERSION = YES_AGGRESSIVE;
				CLANG_CXX_LANGUAGE_STANDARD = "gnu++0x";
				CLANG_CXX_LIBRARY = "libc++";
				CLANG_ENABLE_MODULES = YES;
				CLANG_ENABLE_OBJC_ARC = YES;
				CLANG_WARN_BOOL_CONVERSION = YES;
				CLANG_WARN_CONSTANT_CONVERSION = YES;
				CLANG_WARN_DIRECT_OBJC_ISA_USAGE = YES_ERROR;
				CLANG_WARN_DOCUMENTATION_COMMENTS = YES;
				CLANG_WARN_EMPTY_BODY = YES;
				CLANG_WARN_ENUM_CONVERSION = YES;
				CLANG_WARN_INFINITE_RECURSION = YES;
				CLANG_WARN_INT_CONVERSION = YES;
				CLANG_WARN_OBJC_ROOT_CLASS = YES_ERROR;
				CLANG_WARN_SUSPICIOUS_MOVE = YES;
				CLANG_WARN_UNREACHABLE_CODE = YES;
				CLANG_WARN__DUPLICATE_METHOD_MATCH = YES;
				"CODE_SIGN_IDENTITY[sdk=iphoneos*]" = "iPhone Developer";
				COPY_PHASE_STRIP = NO;
				DEBUG_INFORMATION_FORMAT = dwarf;
				ENABLE_STRICT_OBJC_MSGSEND = YES;
				ENABLE_TESTABILITY = YES;
				GCC_C_LANGUAGE_STANDARD = gnu99;
				GCC_DYNAMIC_NO_PIC = NO;
				GCC_NO_COMMON_BLOCKS = YES;
				GCC_OPTIMIZATION_LEVEL = 0;
				GCC_PREPROCESSOR_DEFINITIONS = (
					"DEBUG=1",
					"$(inherited)",
				);
				GCC_WARN_64_TO_32_BIT_CONVERSION = YES;
				GCC_WARN_ABOUT_RETURN_TYPE = YES_ERROR;
				GCC_WARN_UNDECLARED_SELECTOR = YES;
				GCC_WARN_UNINITIALIZED_AUTOS = YES_AGGRESSIVE;
				GCC_WARN_UNUSED_FUNCTION = YES;
				GCC_WARN_UNUSED_VARIABLE = YES;
				IPHONEOS_DEPLOYMENT_TARGET = 10.3;
				MTL_ENABLE_DEBUG_INFO = YES;
				ONLY_ACTIVE_ARCH = YES;
				SDKROOT = iphoneos;
				SWIFT_ACTIVE_COMPILATION_CONDITIONS = DEBUG;
				SWIFT_OPTIMIZATION_LEVEL = "-Onone";
				TARGETED_DEVICE_FAMILY = "1,2";
			};
			name = Debug;
		};
		EAF77F561F3A010D00BB6973 /* Release */ = {
			isa = XCBuildConfiguration;
			buildSettings = {
				ALWAYS_SEARCH_USER_PATHS = NO;
				CLANG_ANALYZER_NONNULL = YES;
				CLANG_ANALYZER_NUMBER_OBJECT_CONVERSION = YES_AGGRESSIVE;
				CLANG_CXX_LANGUAGE_STANDARD = "gnu++0x";
				CLANG_CXX_LIBRARY = "libc++";
				CLANG_ENABLE_MODULES = YES;
				CLANG_ENABLE_OBJC_ARC = YES;
				CLANG_WARN_BOOL_CONVERSION = YES;
				CLANG_WARN_CONSTANT_CONVERSION = YES;
				CLANG_WARN_DIRECT_OBJC_ISA_USAGE = YES_ERROR;
				CLANG_WARN_DOCUMENTATION_COMMENTS = YES;
				CLANG_WARN_EMPTY_BODY = YES;
				CLANG_WARN_ENUM_CONVERSION = YES;
				CLANG_WARN_INFINITE_RECURSION = YES;
				CLANG_WARN_INT_CONVERSION = YES;
				CLANG_WARN_OBJC_ROOT_CLASS = YES_ERROR;
				CLANG_WARN_SUSPICIOUS_MOVE = YES;
				CLANG_WARN_UNREACHABLE_CODE = YES;
				CLANG_WARN__DUPLICATE_METHOD_MATCH = YES;
				"CODE_SIGN_IDENTITY[sdk=iphoneos*]" = "iPhone Developer";
				COPY_PHASE_STRIP = NO;
				DEBUG_INFORMATION_FORMAT = "dwarf-with-dsym";
				ENABLE_NS_ASSERTIONS = NO;
				ENABLE_STRICT_OBJC_MSGSEND = YES;
				GCC_C_LANGUAGE_STANDARD = gnu99;
				GCC_NO_COMMON_BLOCKS = YES;
				GCC_WARN_64_TO_32_BIT_CONVERSION = YES;
				GCC_WARN_ABOUT_RETURN_TYPE = YES_ERROR;
				GCC_WARN_UNDECLARED_SELECTOR = YES;
				GCC_WARN_UNINITIALIZED_AUTOS = YES_AGGRESSIVE;
				GCC_WARN_UNUSED_FUNCTION = YES;
				GCC_WARN_UNUSED_VARIABLE = YES;
				IPHONEOS_DEPLOYMENT_TARGET = 10.3;
				MTL_ENABLE_DEBUG_INFO = NO;
				SDKROOT = iphoneos;
				SWIFT_OPTIMIZATION_LEVEL = "-Owholemodule";
				TARGETED_DEVICE_FAMILY = "1,2";
				VALIDATE_PRODUCT = YES;
			};
			name = Release;
		};
		EAF77F581F3A010D00BB6973 /* Debug */ = {
			isa = XCBuildConfiguration;
			buildSettings = {
				ASSETCATALOG_COMPILER_APPICON_NAME = AppIcon;
				DEVELOPMENT_TEAM = FY5DPSM884;
				INFOPLIST_FILE = TakePhoto/Info.plist;
				LD_RUNPATH_SEARCH_PATHS = "$(inherited) @executable_path/Frameworks";
				PRODUCT_BUNDLE_IDENTIFIER = com.philipbroder.TakePhoto;
				PRODUCT_NAME = "$(TARGET_NAME)";
				SWIFT_VERSION = 3.0;
			};
			name = Debug;
		};
		EAF77F591F3A010D00BB6973 /* Release */ = {
			isa = XCBuildConfiguration;
			buildSettings = {
				ASSETCATALOG_COMPILER_APPICON_NAME = AppIcon;
				DEVELOPMENT_TEAM = FY5DPSM884;
				INFOPLIST_FILE = TakePhoto/Info.plist;
				LD_RUNPATH_SEARCH_PATHS = "$(inherited) @executable_path/Frameworks";
				PRODUCT_BUNDLE_IDENTIFIER = com.philipbroder.TakePhoto;
				PRODUCT_NAME = "$(TARGET_NAME)";
				SWIFT_VERSION = 3.0;
			};
			name = Release;
		};
/* End XCBuildConfiguration section */

/* Begin XCConfigurationList section */
		EAF77F401F3A010D00BB6973 /* Build configuration list for PBXProject "TakePhoto" */ = {
			isa = XCConfigurationList;
			buildConfigurations = (
				EAF77F551F3A010D00BB6973 /* Debug */,
				EAF77F561F3A010D00BB6973 /* Release */,
			);
			defaultConfigurationIsVisible = 0;
			defaultConfigurationName = Release;
		};
		EAF77F571F3A010D00BB6973 /* Build configuration list for PBXNativeTarget "TakePhoto" */ = {
			isa = XCConfigurationList;
			buildConfigurations = (
				EAF77F581F3A010D00BB6973 /* Debug */,
				EAF77F591F3A010D00BB6973 /* Release */,
			);
			defaultConfigurationIsVisible = 0;
			defaultConfigurationName = Release;
		};
/* End XCConfigurationList section */
	};
	rootObject = EAF77F3D1F3A010D00BB6973 /* Project object */;
}
